
Microsoft Visual Studio Solution File, Format Version 12.00
# Visual Studio Version 16
VisualStudioVersion = 16.0.30114.105
MinimumVisualStudioVersion = 10.0.40219.1
Project("{2150E333-8FDC-42A3-9474-1A3956D46DE8}") = "src", "src", "{8B0A5BDB-FA99-41CA-ABDE-E0DA46510938}"
EndProject
Project("{FAE04EC0-301F-11D3-BF4B-00C04F79EFBC}") = "Boogops.Rest", "src\Boogops.Rest\Boogops.Rest.csproj", "{559F57A9-E336-4197-85D8-670029694C6E}"
EndProject
Project("{2150E333-8FDC-42A3-9474-1A3956D46DE8}") = "solution", "solution", "{A0B50023-97D6-4B6F-B5F3-6A187F6A562E}"
	ProjectSection(SolutionItems) = preProject
		.gitignore = .gitignore
		.dockerignore = .dockerignore
		Dockerfile = Dockerfile
		README.md = README.md
		LICENSE = LICENSE
	EndProjectSection
EndProject
Project("{FAE04EC0-301F-11D3-BF4B-00C04F79EFBC}") = "Boogops.Common", "src\Boogops.Common\Boogops.Common.csproj", "{FDCE3B91-F1F1-450C-BACA-BDAD82F8F071}"
EndProject
Project("{FAE04EC0-301F-11D3-BF4B-00C04F79EFBC}") = "Boogops.Core", "src\Boogops.Core\Boogops.Core.csproj", "{05B2B860-73B5-4218-8D76-8C9543BBFB29}"
EndProject
Project("{2150E333-8FDC-42A3-9474-1A3956D46DE8}") = "tests", "tests", "{BE95B6CF-3EFA-404E-B870-B96F5318E547}"
EndProject
Project("{FAE04EC0-301F-11D3-BF4B-00C04F79EFBC}") = "Boogops.Core.Tests", "tests\Boogops.Core.Tests\Boogops.Core.Tests.csproj", "{D6138F65-0CA8-4144-A8FC-1495F40B5A51}"
EndProject
Project("{FAE04EC0-301F-11D3-BF4B-00C04F79EFBC}") = "Boogops.Stores", "src\Boogops.Stores\Boogops.Stores.csproj", "{ECBAF3D0-3A2B-43C9-8FA8-A7D2A361F070}"
EndProject
Project("{FAE04EC0-301F-11D3-BF4B-00C04F79EFBC}") = "Boogops.Stores.MongoDB", "src\Boogops.Stores.MongoDB\Boogops.Stores.MongoDB.csproj", "{7F100E63-F8D7-49D4-8C3C-7FACCBB12BEF}"
EndProject
Project("{FAE04EC0-301F-11D3-BF4B-00C04F79EFBC}") = "Boogops.Stores.MongoDB.Tests", "tests\Boogops.Stores.MongoDB.Tests\Boogops.Stores.MongoDB.Tests.csproj", "{50214273-E801-431A-B104-A1797CC48D04}"
EndProject
Global
	GlobalSection(SolutionConfigurationPlatforms) = preSolution
		Debug|Any CPU = Debug|Any CPU
		Release|Any CPU = Release|Any CPU
	EndGlobalSection
	GlobalSection(SolutionProperties) = preSolution
		HideSolutionNode = FALSE
	EndGlobalSection
	GlobalSection(ProjectConfigurationPlatforms) = postSolution
		{559F57A9-E336-4197-85D8-670029694C6E}.Debug|Any CPU.ActiveCfg = Debug|Any CPU
		{559F57A9-E336-4197-85D8-670029694C6E}.Debug|Any CPU.Build.0 = Debug|Any CPU
		{559F57A9-E336-4197-85D8-670029694C6E}.Release|Any CPU.ActiveCfg = Release|Any CPU
		{559F57A9-E336-4197-85D8-670029694C6E}.Release|Any CPU.Build.0 = Release|Any CPU
		{FDCE3B91-F1F1-450C-BACA-BDAD82F8F071}.Debug|Any CPU.ActiveCfg = Debug|Any CPU
		{FDCE3B91-F1F1-450C-BACA-BDAD82F8F071}.Debug|Any CPU.Build.0 = Debug|Any CPU
		{FDCE3B91-F1F1-450C-BACA-BDAD82F8F071}.Release|Any CPU.ActiveCfg = Release|Any CPU
		{FDCE3B91-F1F1-450C-BACA-BDAD82F8F071}.Release|Any CPU.Build.0 = Release|Any CPU
		{05B2B860-73B5-4218-8D76-8C9543BBFB29}.Debug|Any CPU.ActiveCfg = Debug|Any CPU
		{05B2B860-73B5-4218-8D76-8C9543BBFB29}.Debug|Any CPU.Build.0 = Debug|Any CPU
		{05B2B860-73B5-4218-8D76-8C9543BBFB29}.Release|Any CPU.ActiveCfg = Release|Any CPU
		{05B2B860-73B5-4218-8D76-8C9543BBFB29}.Release|Any CPU.Build.0 = Release|Any CPU
		{D6138F65-0CA8-4144-A8FC-1495F40B5A51}.Debug|Any CPU.ActiveCfg = Debug|Any CPU
		{D6138F65-0CA8-4144-A8FC-1495F40B5A51}.Debug|Any CPU.Build.0 = Debug|Any CPU
		{D6138F65-0CA8-4144-A8FC-1495F40B5A51}.Release|Any CPU.ActiveCfg = Release|Any CPU
		{D6138F65-0CA8-4144-A8FC-1495F40B5A51}.Release|Any CPU.Build.0 = Release|Any CPU
		{ECBAF3D0-3A2B-43C9-8FA8-A7D2A361F070}.Debug|Any CPU.ActiveCfg = Debug|Any CPU
		{ECBAF3D0-3A2B-43C9-8FA8-A7D2A361F070}.Debug|Any CPU.Build.0 = Debug|Any CPU
		{ECBAF3D0-3A2B-43C9-8FA8-A7D2A361F070}.Release|Any CPU.ActiveCfg = Release|Any CPU
		{ECBAF3D0-3A2B-43C9-8FA8-A7D2A361F070}.Release|Any CPU.Build.0 = Release|Any CPU
		{7F100E63-F8D7-49D4-8C3C-7FACCBB12BEF}.Debug|Any CPU.ActiveCfg = Debug|Any CPU
		{7F100E63-F8D7-49D4-8C3C-7FACCBB12BEF}.Debug|Any CPU.Build.0 = Debug|Any CPU
		{7F100E63-F8D7-49D4-8C3C-7FACCBB12BEF}.Release|Any CPU.ActiveCfg = Release|Any CPU
		{7F100E63-F8D7-49D4-8C3C-7FACCBB12BEF}.Release|Any CPU.Build.0 = Release|Any CPU
		{50214273-E801-431A-B104-A1797CC48D04}.Debug|Any CPU.ActiveCfg = Debug|Any CPU
		{50214273-E801-431A-B104-A1797CC48D04}.Debug|Any CPU.Build.0 = Debug|Any CPU
		{50214273-E801-431A-B104-A1797CC48D04}.Release|Any CPU.ActiveCfg = Release|Any CPU
		{50214273-E801-431A-B104-A1797CC48D04}.Release|Any CPU.Build.0 = Release|Any CPU
	EndGlobalSection
	GlobalSection(NestedProjects) = preSolution
		{559F57A9-E336-4197-85D8-670029694C6E} = {8B0A5BDB-FA99-41CA-ABDE-E0DA46510938}
		{FDCE3B91-F1F1-450C-BACA-BDAD82F8F071} = {8B0A5BDB-FA99-41CA-ABDE-E0DA46510938}
		{05B2B860-73B5-4218-8D76-8C9543BBFB29} = {8B0A5BDB-FA99-41CA-ABDE-E0DA46510938}
		{D6138F65-0CA8-4144-A8FC-1495F40B5A51} = {BE95B6CF-3EFA-404E-B870-B96F5318E547}
		{ECBAF3D0-3A2B-43C9-8FA8-A7D2A361F070} = {8B0A5BDB-FA99-41CA-ABDE-E0DA46510938}
		{7F100E63-F8D7-49D4-8C3C-7FACCBB12BEF} = {8B0A5BDB-FA99-41CA-ABDE-E0DA46510938}
		{50214273-E801-431A-B104-A1797CC48D04} = {BE95B6CF-3EFA-404E-B870-B96F5318E547}
	EndGlobalSection
EndGlobal
